
Microsoft Visual Studio Solution File, Format Version 12.00
# Visual Studio Version 17
VisualStudioVersion = 17.7.34024.191
MinimumVisualStudioVersion = 10.0.40219.1
Project("{9A19103F-16F7-4668-BE54-9A1E7A4F7556}") = "RabbitMQ.Publisher", "RabbitMQ.Publisher\RabbitMQ.Publisher.csproj", "{6F8A7BA8-B6FF-4DC8-B2DC-302722E04DE5}"
EndProject
Project("{9A19103F-16F7-4668-BE54-9A1E7A4F7556}") = "RabbitMQ.Consumer", "RabbitMQ.Consumer\RabbitMQ.Consumer.csproj", "{E7649C88-5563-4D18-8C87-820A748AE516}"
EndProject
Project("{9A19103F-16F7-4668-BE54-9A1E7A4F7556}") = "RabbitMQ.Direct.Exhange.Publisher", "RabbitMQ.Direct.Exhange.Publisher\RabbitMQ.Direct.Exhange.Publisher.csproj", "{99DAEDE9-2A62-4F4F-9F63-9C7CDF3F67B1}"
EndProject
Project("{9A19103F-16F7-4668-BE54-9A1E7A4F7556}") = "RabbitMQ.Direct.Exhange.Consumer", "RabbitMQ.Direct.Exhange.Consumer\RabbitMQ.Direct.Exhange.Consumer.csproj", "{375A4E9C-B0DA-4696-809E-C77A71A0DDD5}"
EndProject
Project("{9A19103F-16F7-4668-BE54-9A1E7A4F7556}") = "RabbitMQ.Fanout.Exhange.Publisher", "RabbitMQ.Fanout.Exhange.Publisher\RabbitMQ.Fanout.Exhange.Publisher.csproj", "{E8065F0D-89F1-4E54-BF2A-F394897DB001}"
EndProject
Project("{9A19103F-16F7-4668-BE54-9A1E7A4F7556}") = "RabbitMQ.Fanout.Exhange.Consumer", "RabbitMQ.Fanout.Exhange.Consumer\RabbitMQ.Fanout.Exhange.Consumer.csproj", "{B8D267F5-C8C3-4387-A925-0859E52E3268}"
EndProject
Project("{9A19103F-16F7-4668-BE54-9A1E7A4F7556}") = "RabbitMQ.Topic.Exhange.Consumer", "RabbitMQ.Topic.Exhange.Consumer\RabbitMQ.Topic.Exhange.Consumer.csproj", "{AA6C036D-E0A9-4A2D-A288-A23EF26DC9F2}"
EndProject
Project("{9A19103F-16F7-4668-BE54-9A1E7A4F7556}") = "RabbitMQ.Topic.Exhange.Publisher", "RabbitMQ.Topic.Exhange.Publisher\RabbitMQ.Topic.Exhange.Publisher.csproj", "{E65F764D-FC9E-41C0-8817-25E43534B345}"
EndProject
Project("{9A19103F-16F7-4668-BE54-9A1E7A4F7556}") = "RabbitMQ.Header.Exhange.Publisher", "RabbitMQ.Header.Exhange.Publisher\RabbitMQ.Header.Exhange.Publisher.csproj", "{F49C9D27-B046-4EDE-83DF-E27C746EE3D5}"
EndProject
Project("{9A19103F-16F7-4668-BE54-9A1E7A4F7556}") = "RabbitMQ.Header.Exhange.Consumer", "RabbitMQ.Header.Exhange.Consumer\RabbitMQ.Header.Exhange.Consumer.csproj", "{F21D5E0E-8AEF-4802-B1B1-BD11AF8B14DF}"
EndProject
Project("{9A19103F-16F7-4668-BE54-9A1E7A4F7556}") = "RabbitMQ.Message.Templates.Publisher", "RabbitMQ.Message.Templates.Publisher\RabbitMQ.Message.Templates.Publisher.csproj", "{2607436B-A924-4665-B3AB-4C74F215F941}"
EndProject
Project("{9A19103F-16F7-4668-BE54-9A1E7A4F7556}") = "RabbitMQ.Message.Templates.Consumer", "RabbitMQ.Message.Templates.Consumer\RabbitMQ.Message.Templates.Consumer.csproj", "{C8AD1B60-9113-4645-889A-0327803235A1}"
EndProject
Project("{9A19103F-16F7-4668-BE54-9A1E7A4F7556}") = "RabbitMQ.ESB.MassTransit.Consumer", "RabbitMQ.ESB.MassTransit.Consumer\RabbitMQ.ESB.MassTransit.Consumer.csproj", "{97578F27-FC59-4941-8F34-AC85FE6DA053}"
EndProject
Project("{9A19103F-16F7-4668-BE54-9A1E7A4F7556}") = "RabbitMQ.ESB.MassTransit.Publisher", "RabbitMQ.ESB.MassTransit.Publisher\RabbitMQ.ESB.MassTransit.Publisher.csproj", "{A25DA04F-F432-44A6-904F-03A195004F76}"
EndProject
Project("{9A19103F-16F7-4668-BE54-9A1E7A4F7556}") = "RabbitMQ.ESB.MassTransit.Shared", "RabbitMQ.ESB.MassTransit.Shared\RabbitMQ.ESB.MassTransit.Shared.csproj", "{8A70E262-E857-4F0C-99CA-778F34E09F9F}"
EndProject
Project("{9A19103F-16F7-4668-BE54-9A1E7A4F7556}") = "RabbitMQ.ESB.MassTransit.WorkerService.Publisher", "RabbitMQ.ESB.MassTransit.WorkerService.Publisher\RabbitMQ.ESB.MassTransit.WorkerService.Publisher.csproj", "{23B0E481-D90F-4091-9DD3-86822727FAC3}"
EndProject
Project("{9A19103F-16F7-4668-BE54-9A1E7A4F7556}") = "RabbitMQ.ESB.MassTransit.WorkerService.Consumer", "RabbitMQ.ESB.MassTransit.WorkerService.Consumer\RabbitMQ.ESB.MassTransit.WorkerService.Consumer.csproj", "{B55E02A7-1B50-4FDD-A842-7B6B76D4235B}"
EndProject
Project("{FAE04EC0-301F-11D3-BF4B-00C04F79EFBC}") = "RabbitMQ.ESB.MassTransit.RequestResponsePattern.Consumer", "RabbitMQ.ESB.MassTransit.RequestResponsePattern.Consumer\RabbitMQ.ESB.MassTransit.RequestResponsePattern.Consumer.csproj", "{4B0136F6-4163-4FA1-965A-88E317CD9EC5}"
EndProject
Project("{FAE04EC0-301F-11D3-BF4B-00C04F79EFBC}") = "RabbitMQ.ESB.MassTransit.RequestResponse.Publisher", "RabbitMQ.ESB.MassTransit.RequestResponse.Publisher\RabbitMQ.ESB.MassTransit.RequestResponse.Publisher.csproj", "{17714E63-1ADE-48A6-A7BE-BC17A6394E61}"
EndProject
Global
	GlobalSection(SolutionConfigurationPlatforms) = preSolution
		Debug|Any CPU = Debug|Any CPU
		Release|Any CPU = Release|Any CPU
	EndGlobalSection
	GlobalSection(ProjectConfigurationPlatforms) = postSolution
		{6F8A7BA8-B6FF-4DC8-B2DC-302722E04DE5}.Debug|Any CPU.ActiveCfg = Debug|Any CPU
		{6F8A7BA8-B6FF-4DC8-B2DC-302722E04DE5}.Debug|Any CPU.Build.0 = Debug|Any CPU
		{6F8A7BA8-B6FF-4DC8-B2DC-302722E04DE5}.Release|Any CPU.ActiveCfg = Release|Any CPU
		{6F8A7BA8-B6FF-4DC8-B2DC-302722E04DE5}.Release|Any CPU.Build.0 = Release|Any CPU
		{E7649C88-5563-4D18-8C87-820A748AE516}.Debug|Any CPU.ActiveCfg = Debug|Any CPU
		{E7649C88-5563-4D18-8C87-820A748AE516}.Debug|Any CPU.Build.0 = Debug|Any CPU
		{E7649C88-5563-4D18-8C87-820A748AE516}.Release|Any CPU.ActiveCfg = Release|Any CPU
		{E7649C88-5563-4D18-8C87-820A748AE516}.Release|Any CPU.Build.0 = Release|Any CPU
		{99DAEDE9-2A62-4F4F-9F63-9C7CDF3F67B1}.Debug|Any CPU.ActiveCfg = Debug|Any CPU
		{99DAEDE9-2A62-4F4F-9F63-9C7CDF3F67B1}.Debug|Any CPU.Build.0 = Debug|Any CPU
		{99DAEDE9-2A62-4F4F-9F63-9C7CDF3F67B1}.Release|Any CPU.ActiveCfg = Release|Any CPU
		{99DAEDE9-2A62-4F4F-9F63-9C7CDF3F67B1}.Release|Any CPU.Build.0 = Release|Any CPU
		{375A4E9C-B0DA-4696-809E-C77A71A0DDD5}.Debug|Any CPU.ActiveCfg = Debug|Any CPU
		{375A4E9C-B0DA-4696-809E-C77A71A0DDD5}.Debug|Any CPU.Build.0 = Debug|Any CPU
		{375A4E9C-B0DA-4696-809E-C77A71A0DDD5}.Release|Any CPU.ActiveCfg = Release|Any CPU
		{375A4E9C-B0DA-4696-809E-C77A71A0DDD5}.Release|Any CPU.Build.0 = Release|Any CPU
		{E8065F0D-89F1-4E54-BF2A-F394897DB001}.Debug|Any CPU.ActiveCfg = Debug|Any CPU
		{E8065F0D-89F1-4E54-BF2A-F394897DB001}.Debug|Any CPU.Build.0 = Debug|Any CPU
		{E8065F0D-89F1-4E54-BF2A-F394897DB001}.Release|Any CPU.ActiveCfg = Release|Any CPU
		{E8065F0D-89F1-4E54-BF2A-F394897DB001}.Release|Any CPU.Build.0 = Release|Any CPU
		{B8D267F5-C8C3-4387-A925-0859E52E3268}.Debug|Any CPU.ActiveCfg = Debug|Any CPU
		{B8D267F5-C8C3-4387-A925-0859E52E3268}.Debug|Any CPU.Build.0 = Debug|Any CPU
		{B8D267F5-C8C3-4387-A925-0859E52E3268}.Release|Any CPU.ActiveCfg = Release|Any CPU
		{B8D267F5-C8C3-4387-A925-0859E52E3268}.Release|Any CPU.Build.0 = Release|Any CPU
		{AA6C036D-E0A9-4A2D-A288-A23EF26DC9F2}.Debug|Any CPU.ActiveCfg = Debug|Any CPU
		{AA6C036D-E0A9-4A2D-A288-A23EF26DC9F2}.Debug|Any CPU.Build.0 = Debug|Any CPU
		{AA6C036D-E0A9-4A2D-A288-A23EF26DC9F2}.Release|Any CPU.ActiveCfg = Release|Any CPU
		{AA6C036D-E0A9-4A2D-A288-A23EF26DC9F2}.Release|Any CPU.Build.0 = Release|Any CPU
		{E65F764D-FC9E-41C0-8817-25E43534B345}.Debug|Any CPU.ActiveCfg = Debug|Any CPU
		{E65F764D-FC9E-41C0-8817-25E43534B345}.Debug|Any CPU.Build.0 = Debug|Any CPU
		{E65F764D-FC9E-41C0-8817-25E43534B345}.Release|Any CPU.ActiveCfg = Release|Any CPU
		{E65F764D-FC9E-41C0-8817-25E43534B345}.Release|Any CPU.Build.0 = Release|Any CPU
		{F49C9D27-B046-4EDE-83DF-E27C746EE3D5}.Debug|Any CPU.ActiveCfg = Debug|Any CPU
		{F49C9D27-B046-4EDE-83DF-E27C746EE3D5}.Debug|Any CPU.Build.0 = Debug|Any CPU
		{F49C9D27-B046-4EDE-83DF-E27C746EE3D5}.Release|Any CPU.ActiveCfg = Release|Any CPU
		{F49C9D27-B046-4EDE-83DF-E27C746EE3D5}.Release|Any CPU.Build.0 = Release|Any CPU
		{F21D5E0E-8AEF-4802-B1B1-BD11AF8B14DF}.Debug|Any CPU.ActiveCfg = Debug|Any CPU
		{F21D5E0E-8AEF-4802-B1B1-BD11AF8B14DF}.Debug|Any CPU.Build.0 = Debug|Any CPU
		{F21D5E0E-8AEF-4802-B1B1-BD11AF8B14DF}.Release|Any CPU.ActiveCfg = Release|Any CPU
		{F21D5E0E-8AEF-4802-B1B1-BD11AF8B14DF}.Release|Any CPU.Build.0 = Release|Any CPU
		{2607436B-A924-4665-B3AB-4C74F215F941}.Debug|Any CPU.ActiveCfg = Debug|Any CPU
		{2607436B-A924-4665-B3AB-4C74F215F941}.Debug|Any CPU.Build.0 = Debug|Any CPU
		{2607436B-A924-4665-B3AB-4C74F215F941}.Release|Any CPU.ActiveCfg = Release|Any CPU
		{2607436B-A924-4665-B3AB-4C74F215F941}.Release|Any CPU.Build.0 = Release|Any CPU
		{C8AD1B60-9113-4645-889A-0327803235A1}.Debug|Any CPU.ActiveCfg = Debug|Any CPU
		{C8AD1B60-9113-4645-889A-0327803235A1}.Debug|Any CPU.Build.0 = Debug|Any CPU
		{C8AD1B60-9113-4645-889A-0327803235A1}.Release|Any CPU.ActiveCfg = Release|Any CPU
		{C8AD1B60-9113-4645-889A-0327803235A1}.Release|Any CPU.Build.0 = Release|Any CPU
		{97578F27-FC59-4941-8F34-AC85FE6DA053}.Debug|Any CPU.ActiveCfg = Debug|Any CPU
		{97578F27-FC59-4941-8F34-AC85FE6DA053}.Debug|Any CPU.Build.0 = Debug|Any CPU
		{97578F27-FC59-4941-8F34-AC85FE6DA053}.Release|Any CPU.ActiveCfg = Release|Any CPU
		{97578F27-FC59-4941-8F34-AC85FE6DA053}.Release|Any CPU.Build.0 = Release|Any CPU
		{A25DA04F-F432-44A6-904F-03A195004F76}.Debug|Any CPU.ActiveCfg = Debug|Any CPU
		{A25DA04F-F432-44A6-904F-03A195004F76}.Debug|Any CPU.Build.0 = Debug|Any CPU
		{A25DA04F-F432-44A6-904F-03A195004F76}.Release|Any CPU.ActiveCfg = Release|Any CPU
		{A25DA04F-F432-44A6-904F-03A195004F76}.Release|Any CPU.Build.0 = Release|Any CPU
		{8A70E262-E857-4F0C-99CA-778F34E09F9F}.Debug|Any CPU.ActiveCfg = Debug|Any CPU
		{8A70E262-E857-4F0C-99CA-778F34E09F9F}.Debug|Any CPU.Build.0 = Debug|Any CPU
		{8A70E262-E857-4F0C-99CA-778F34E09F9F}.Release|Any CPU.ActiveCfg = Release|Any CPU
		{8A70E262-E857-4F0C-99CA-778F34E09F9F}.Release|Any CPU.Build.0 = Release|Any CPU
		{23B0E481-D90F-4091-9DD3-86822727FAC3}.Debug|Any CPU.ActiveCfg = Debug|Any CPU
		{23B0E481-D90F-4091-9DD3-86822727FAC3}.Debug|Any CPU.Build.0 = Debug|Any CPU
		{23B0E481-D90F-4091-9DD3-86822727FAC3}.Release|Any CPU.ActiveCfg = Release|Any CPU
		{23B0E481-D90F-4091-9DD3-86822727FAC3}.Release|Any CPU.Build.0 = Release|Any CPU
		{B55E02A7-1B50-4FDD-A842-7B6B76D4235B}.Debug|Any CPU.ActiveCfg = Debug|Any CPU
		{B55E02A7-1B50-4FDD-A842-7B6B76D4235B}.Debug|Any CPU.Build.0 = Debug|Any CPU
		{B55E02A7-1B50-4FDD-A842-7B6B76D4235B}.Release|Any CPU.ActiveCfg = Release|Any CPU
		{B55E02A7-1B50-4FDD-A842-7B6B76D4235B}.Release|Any CPU.Build.0 = Release|Any CPU
		{4B0136F6-4163-4FA1-965A-88E317CD9EC5}.Debug|Any CPU.ActiveCfg = Debug|Any CPU
		{4B0136F6-4163-4FA1-965A-88E317CD9EC5}.Debug|Any CPU.Build.0 = Debug|Any CPU
		{4B0136F6-4163-4FA1-965A-88E317CD9EC5}.Release|Any CPU.ActiveCfg = Release|Any CPU
		{4B0136F6-4163-4FA1-965A-88E317CD9EC5}.Release|Any CPU.Build.0 = Release|Any CPU
		{17714E63-1ADE-48A6-A7BE-BC17A6394E61}.Debug|Any CPU.ActiveCfg = Debug|Any CPU
		{17714E63-1ADE-48A6-A7BE-BC17A6394E61}.Debug|Any CPU.Build.0 = Debug|Any CPU
		{17714E63-1ADE-48A6-A7BE-BC17A6394E61}.Release|Any CPU.ActiveCfg = Release|Any CPU
		{17714E63-1ADE-48A6-A7BE-BC17A6394E61}.Release|Any CPU.Build.0 = Release|Any CPU
	EndGlobalSection
	GlobalSection(SolutionProperties) = preSolution
		HideSolutionNode = FALSE
	EndGlobalSection
	GlobalSection(ExtensibilityGlobals) = postSolution
		SolutionGuid = {4BF6AD92-13CD-42A3-9FFF-1C3330B010CC}
	EndGlobalSection
EndGlobal
